
Microsoft Visual Studio Solution File, Format Version 12.00
# Visual Studio Version 16
VisualStudioVersion = 16.0.31402.337
MinimumVisualStudioVersion = 10.0.40219.1
Project("{FAE04EC0-301F-11D3-BF4B-00C04F79EFBC}") = "pdf", "pdf.csproj", "{C3164B3A-347E-41D7-82B7-57AE363F0A71}"
EndProject
Global
	GlobalSection(SolutionConfigurationPlatforms) = preSolution
		Debug|Any CPU = Debug|Any CPU
		Release|Any CPU = Release|Any CPU
	EndGlobalSection
	GlobalSection(ProjectConfigurationPlatforms) = postSolution
		{C3164B3A-347E-41D7-82B7-57AE363F0A71}.Debug|Any CPU.ActiveCfg = Debug|Any CPU
		{C3164B3A-347E-41D7-82B7-57AE363F0A71}.Debug|Any CPU.Build.0 = Debug|Any CPU
		{C3164B3A-347E-41D7-82B7-57AE363F0A71}.Release|Any CPU.ActiveCfg = Release|Any CPU
		{C3164B3A-347E-41D7-82B7-57AE363F0A71}.Release|Any CPU.Build.0 = Release|Any CPU
	EndGlobalSection
	GlobalSection(SolutionProperties) = preSolution
		HideSolutionNode = FALSE
	EndGlobalSection
	GlobalSection(ExtensibilityGlobals) = postSolution
		SolutionGuid = {B18D467F-524F-45A6-B512-10BC23EBAAC9}
	EndGlobalSection
EndGlobal
